
Microsoft Visual Studio Solution File, Format Version 12.00
# Visual Studio 15
VisualStudioVersion = 15.0.28307.572
MinimumVisualStudioVersion = 10.0.40219.1
Project("{8BC9CEB8-8B4A-11D0-8D11-00A0C91BC942}") = "WechatDll", "WechatDll\WechatDll.vcxproj", "{4CE906F4-5781-45CF-91AA-FBD243689D97}"
EndProject
Global
	GlobalSection(SolutionConfigurationPlatforms) = preSolution
		Debug|x64 = Debug|x64
		Debug|x86 = Debug|x86
		Release|x64 = Release|x64
		Release|x86 = Release|x86
	EndGlobalSection
	GlobalSection(ProjectConfigurationPlatforms) = postSolution
		{4CE906F4-5781-45CF-91AA-FBD243689D97}.Debug|x64.ActiveCfg = Debug|x64
		{4CE906F4-5781-45CF-91AA-FBD243689D97}.Debug|x64.Build.0 = Debug|x64
		{4CE906F4-5781-45CF-91AA-FBD243689D97}.Debug|x86.ActiveCfg = Debug|Win32
		{4CE906F4-5781-45CF-91AA-FBD243689D97}.Debug|x86.Build.0 = Debug|Win32
		{4CE906F4-5781-45CF-91AA-FBD243689D97}.Release|x64.ActiveCfg = Release|x64
		{4CE906F4-5781-45CF-91AA-FBD243689D97}.Release|x64.Build.0 = Release|x64
		{4CE906F4-5781-45CF-91AA-FBD243689D97}.Release|x86.ActiveCfg = Release|Win32
		{4CE906F4-5781-45CF-91AA-FBD243689D97}.Release|x86.Build.0 = Release|Win32
	EndGlobalSection
	GlobalSection(SolutionProperties) = preSolution
		HideSolutionNode = FALSE
	EndGlobalSection
	GlobalSection(ExtensibilityGlobals) = postSolution
		SolutionGuid = {9F2AA235-6B2F-4F31-A253-8EEC29682423}
	EndGlobalSection
EndGlobal
